// !$*UTF8*$!
{
	archiveVersion = 1;
	classes = {
	};
	objectVersion = 77;
	objects = {

/* Begin PBXBuildFile section */
		9B6BA3E52D5DA81B00FB9BA3 /* AccountView.swift in Sources */ = {isa = PBXBuildFile; fileRef = 9B6BA3E22D5DA81B00FB9BA3 /* AccountView.swift */; };
		9B6BA3E62D5DA81B00FB9BA3 /* Profile.swift in Sources */ = {isa = PBXBuildFile; fileRef = 9B6BA3E12D5DA81B00FB9BA3 /* Profile.swift */; };
		9B6BA3E72D5DA81B00FB9BA3 /* BalanceView.swift in Sources */ = {isa = PBXBuildFile; fileRef = 9B6BA3E32D5DA81B00FB9BA3 /* BalanceView.swift */; };
		9B6BA3EA2D5DA82900FB9BA3 /* state.swift in Sources */ = {isa = PBXBuildFile; fileRef = 9B6BA3E82D5DA82900FB9BA3 /* state.swift */; };
/* End PBXBuildFile section */

/* Begin PBXContainerItemProxy section */
		9B6BA3B22D5DA80100FB9BA3 /* PBXContainerItemProxy */ = {
			isa = PBXContainerItemProxy;
			containerPortal = 9B6BA3992D5DA7FF00FB9BA3 /* Project object */;
			proxyType = 1;
			remoteGlobalIDString = 9B6BA3A02D5DA7FF00FB9BA3;
			remoteInfo = DataFlowStateManagement;
		};
		9B6BA3BC2D5DA80100FB9BA3 /* PBXContainerItemProxy */ = {
			isa = PBXContainerItemProxy;
			containerPortal = 9B6BA3992D5DA7FF00FB9BA3 /* Project object */;
			proxyType = 1;
			remoteGlobalIDString = 9B6BA3A02D5DA7FF00FB9BA3;
			remoteInfo = DataFlowStateManagement;
		};
/* End PBXContainerItemProxy section */

/* Begin PBXFileReference section */
		9B6BA3A12D5DA7FF00FB9BA3 /* DataFlowStateManagement.app */ = {isa = PBXFileReference; explicitFileType = wrapper.application; includeInIndex = 0; path = DataFlowStateManagement.app; sourceTree = BUILT_PRODUCTS_DIR; };
		9B6BA3B12D5DA80000FB9BA3 /* DataFlowStateManagementTests.xctest */ = {isa = PBXFileReference; explicitFileType = wrapper.cfbundle; includeInIndex = 0; path = DataFlowStateManagementTests.xctest; sourceTree = BUILT_PRODUCTS_DIR; };
		9B6BA3BB2D5DA80100FB9BA3 /* DataFlowStateManagementUITests.xctest */ = {isa = PBXFileReference; explicitFileType = wrapper.cfbundle; includeInIndex = 0; path = DataFlowStateManagementUITests.xctest; sourceTree = BUILT_PRODUCTS_DIR; };
		9B6BA3E12D5DA81B00FB9BA3 /* Profile.swift */ = {isa = PBXFileReference; lastKnownFileType = sourcecode.swift; path = Profile.swift; sourceTree = "<group>"; };
		9B6BA3E22D5DA81B00FB9BA3 /* AccountView.swift */ = {isa = PBXFileReference; lastKnownFileType = sourcecode.swift; path = AccountView.swift; sourceTree = "<group>"; };
		9B6BA3E32D5DA81B00FB9BA3 /* BalanceView.swift */ = {isa = PBXFileReference; lastKnownFileType = sourcecode.swift; path = BalanceView.swift; sourceTree = "<group>"; };
		9B6BA3E82D5DA82900FB9BA3 /* state.swift */ = {isa = PBXFileReference; lastKnownFileType = sourcecode.swift; path = state.swift; sourceTree = "<group>"; };
/* End PBXFileReference section */

/* Begin PBXFileSystemSynchronizedRootGroup section */
		9B6BA3A32D5DA7FF00FB9BA3 /* DataFlowStateManagement */ = {
			isa = PBXFileSystemSynchronizedRootGroup;
			path = DataFlowStateManagement;
			sourceTree = "<group>";
		};
		9B6BA3B42D5DA80100FB9BA3 /* DataFlowStateManagementTests */ = {
			isa = PBXFileSystemSynchronizedRootGroup;
			path = DataFlowStateManagementTests;
			sourceTree = "<group>";
		};
		9B6BA3BE2D5DA80100FB9BA3 /* DataFlowStateManagementUITests */ = {
			isa = PBXFileSystemSynchronizedRootGroup;
			path = DataFlowStateManagementUITests;
			sourceTree = "<group>";
		};
/* End PBXFileSystemSynchronizedRootGroup section */

/* Begin PBXFrameworksBuildPhase section */
		9B6BA39E2D5DA7FF00FB9BA3 /* Frameworks */ = {
			isa = PBXFrameworksBuildPhase;
			buildActionMask = 2147483647;
			files = (
			);
			runOnlyForDeploymentPostprocessing = 0;
		};
		9B6BA3AE2D5DA80000FB9BA3 /* Frameworks */ = {
			isa = PBXFrameworksBuildPhase;
			buildActionMask = 2147483647;
			files = (
			);
			runOnlyForDeploymentPostprocessing = 0;
		};
		9B6BA3B82D5DA80100FB9BA3 /* Frameworks */ = {
			isa = PBXFrameworksBuildPhase;
			buildActionMask = 2147483647;
			files = (
			);
			runOnlyForDeploymentPostprocessing = 0;
		};
/* End PBXFrameworksBuildPhase section */

/* Begin PBXGroup section */
		9B6BA3982D5DA7FF00FB9BA3 = {
			isa = PBXGroup;
			children = (
				9B6BA3E92D5DA82900FB9BA3 /* State */,
				9B6BA3E42D5DA81B00FB9BA3 /* ObservableObject */,
				9B6BA3A32D5DA7FF00FB9BA3 /* DataFlowStateManagement */,
				9B6BA3B42D5DA80100FB9BA3 /* DataFlowStateManagementTests */,
				9B6BA3BE2D5DA80100FB9BA3 /* DataFlowStateManagementUITests */,
				9B6BA3A22D5DA7FF00FB9BA3 /* Products */,
			);
			sourceTree = "<group>";
		};
		9B6BA3A22D5DA7FF00FB9BA3 /* Products */ = {
			isa = PBXGroup;
			children = (
				9B6BA3A12D5DA7FF00FB9BA3 /* DataFlowStateManagement.app */,
				9B6BA3B12D5DA80000FB9BA3 /* DataFlowStateManagementTests.xctest */,
				9B6BA3BB2D5DA80100FB9BA3 /* DataFlowStateManagementUITests.xctest */,
			);
			name = Products;
			sourceTree = "<group>";
		};
		9B6BA3E42D5DA81B00FB9BA3 /* ObservableObject */ = {
			isa = PBXGroup;
			children = (
				9B6BA3E12D5DA81B00FB9BA3 /* Profile.swift */,
				9B6BA3E22D5DA81B00FB9BA3 /* AccountView.swift */,
				9B6BA3E32D5DA81B00FB9BA3 /* BalanceView.swift */,
			);
			path = ObservableObject;
			sourceTree = "<group>";
		};
		9B6BA3E92D5DA82900FB9BA3 /* State */ = {
			isa = PBXGroup;
			children = (
				9B6BA3E82D5DA82900FB9BA3 /* state.swift */,
			);
			path = State;
			sourceTree = "<group>";
		};
/* End PBXGroup section */

/* Begin PBXNativeTarget section */
		9B6BA3A02D5DA7FF00FB9BA3 /* DataFlowStateManagement */ = {
			isa = PBXNativeTarget;
			buildConfigurationList = 9B6BA3C52D5DA80100FB9BA3 /* Build configuration list for PBXNativeTarget "DataFlowStateManagement" */;
			buildPhases = (
				9B6BA39D2D5DA7FF00FB9BA3 /* Sources */,
				9B6BA39E2D5DA7FF00FB9BA3 /* Frameworks */,
				9B6BA39F2D5DA7FF00FB9BA3 /* Resources */,
			);
			buildRules = (
			);
			dependencies = (
			);
			fileSystemSynchronizedGroups = (
				9B6BA3A32D5DA7FF00FB9BA3 /* DataFlowStateManagement */,
			);
			name = DataFlowStateManagement;
			packageProductDependencies = (
			);
			productName = DataFlowStateManagement;
			productReference = 9B6BA3A12D5DA7FF00FB9BA3 /* DataFlowStateManagement.app */;
			productType = "com.apple.product-type.application";
		};
		9B6BA3B02D5DA80000FB9BA3 /* DataFlowStateManagementTests */ = {
			isa = PBXNativeTarget;
			buildConfigurationList = 9B6BA3C82D5DA80100FB9BA3 /* Build configuration list for PBXNativeTarget "DataFlowStateManagementTests" */;
			buildPhases = (
				9B6BA3AD2D5DA80000FB9BA3 /* Sources */,
				9B6BA3AE2D5DA80000FB9BA3 /* Frameworks */,
				9B6BA3AF2D5DA80000FB9BA3 /* Resources */,
			);
			buildRules = (
			);
			dependencies = (
				9B6BA3B32D5DA80100FB9BA3 /* PBXTargetDependency */,
			);
			fileSystemSynchronizedGroups = (
				9B6BA3B42D5DA80100FB9BA3 /* DataFlowStateManagementTests */,
			);
			name = DataFlowStateManagementTests;
			packageProductDependencies = (
			);
			productName = DataFlowStateManagementTests;
			productReference = 9B6BA3B12D5DA80000FB9BA3 /* DataFlowStateManagementTests.xctest */;
			productType = "com.apple.product-type.bundle.unit-test";
		};
		9B6BA3BA2D5DA80100FB9BA3 /* DataFlowStateManagementUITests */ = {
			isa = PBXNativeTarget;
			buildConfigurationList = 9B6BA3CB2D5DA80100FB9BA3 /* Build configuration list for PBXNativeTarget "DataFlowStateManagementUITests" */;
			buildPhases = (
				9B6BA3B72D5DA80100FB9BA3 /* Sources */,
				9B6BA3B82D5DA80100FB9BA3 /* Frameworks */,
				9B6BA3B92D5DA80100FB9BA3 /* Resources */,
			);
			buildRules = (
			);
			dependencies = (
				9B6BA3BD2D5DA80100FB9BA3 /* PBXTargetDependency */,
			);
			fileSystemSynchronizedGroups = (
				9B6BA3BE2D5DA80100FB9BA3 /* DataFlowStateManagementUITests */,
			);
			name = DataFlowStateManagementUITests;
			packageProductDependencies = (
			);
			productName = DataFlowStateManagementUITests;
			productReference = 9B6BA3BB2D5DA80100FB9BA3 /* DataFlowStateManagementUITests.xctest */;
			productType = "com.apple.product-type.bundle.ui-testing";
		};
/* End PBXNativeTarget section */

/* Begin PBXProject section */
		9B6BA3992D5DA7FF00FB9BA3 /* Project object */ = {
			isa = PBXProject;
			attributes = {
				BuildIndependentTargetsInParallel = 1;
				LastSwiftUpdateCheck = 1620;
				LastUpgradeCheck = 1620;
				TargetAttributes = {
					9B6BA3A02D5DA7FF00FB9BA3 = {
						CreatedOnToolsVersion = 16.2;
					};
					9B6BA3B02D5DA80000FB9BA3 = {
						CreatedOnToolsVersion = 16.2;
						TestTargetID = 9B6BA3A02D5DA7FF00FB9BA3;
					};
					9B6BA3BA2D5DA80100FB9BA3 = {
						CreatedOnToolsVersion = 16.2;
						TestTargetID = 9B6BA3A02D5DA7FF00FB9BA3;
					};
				};
			};
			buildConfigurationList = 9B6BA39C2D5DA7FF00FB9BA3 /* Build configuration list for PBXProject "DataFlowStateManagement" */;
			developmentRegion = en;
			hasScannedForEncodings = 0;
			knownRegions = (
				en,
				Base,
			);
			mainGroup = 9B6BA3982D5DA7FF00FB9BA3;
			minimizedProjectReferenceProxies = 1;
			preferredProjectObjectVersion = 77;
			productRefGroup = 9B6BA3A22D5DA7FF00FB9BA3 /* Products */;
			projectDirPath = "";
			projectRoot = "";
			targets = (
				9B6BA3A02D5DA7FF00FB9BA3 /* DataFlowStateManagement */,
				9B6BA3B02D5DA80000FB9BA3 /* DataFlowStateManagementTests */,
				9B6BA3BA2D5DA80100FB9BA3 /* DataFlowStateManagementUITests */,
			);
		};
/* End PBXProject section */

/* Begin PBXResourcesBuildPhase section */
		9B6BA39F2D5DA7FF00FB9BA3 /* Resources */ = {
			isa = PBXResourcesBuildPhase;
			buildActionMask = 2147483647;
			files = (
			);
			runOnlyForDeploymentPostprocessing = 0;
		};
		9B6BA3AF2D5DA80000FB9BA3 /* Resources */ = {
			isa = PBXResourcesBuildPhase;
			buildActionMask = 2147483647;
			files = (
			);
			runOnlyForDeploymentPostprocessing = 0;
		};
		9B6BA3B92D5DA80100FB9BA3 /* Resources */ = {
			isa = PBXResourcesBuildPhase;
			buildActionMask = 2147483647;
			files = (
			);
			runOnlyForDeploymentPostprocessing = 0;
		};
/* End PBXResourcesBuildPhase section */

/* Begin PBXSourcesBuildPhase section */
		9B6BA39D2D5DA7FF00FB9BA3 /* Sources */ = {
			isa = PBXSourcesBuildPhase;
			buildActionMask = 2147483647;
			files = (
				9B6BA3E52D5DA81B00FB9BA3 /* AccountView.swift in Sources */,
				9B6BA3E62D5DA81B00FB9BA3 /* Profile.swift in Sources */,
				9B6BA3E72D5DA81B00FB9BA3 /* BalanceView.swift in Sources */,
				9B6BA3EA2D5DA82900FB9BA3 /* state.swift in Sources */,
			);
			runOnlyForDeploymentPostprocessing = 0;
		};
		9B6BA3AD2D5DA80000FB9BA3 /* Sources */ = {
			isa = PBXSourcesBuildPhase;
			buildActionMask = 2147483647;
			files = (
			);
			runOnlyForDeploymentPostprocessing = 0;
		};
		9B6BA3B72D5DA80100FB9BA3 /* Sources */ = {
			isa = PBXSourcesBuildPhase;
			buildActionMask = 2147483647;
			files = (
			);
			runOnlyForDeploymentPostprocessing = 0;
		};
/* End PBXSourcesBuildPhase section */

/* Begin PBXTargetDependency section */
		9B6BA3B32D5DA80100FB9BA3 /* PBXTargetDependency */ = {
			isa = PBXTargetDependency;
			target = 9B6BA3A02D5DA7FF00FB9BA3 /* DataFlowStateManagement */;
			targetProxy = 9B6BA3B22D5DA80100FB9BA3 /* PBXContainerItemProxy */;
		};
		9B6BA3BD2D5DA80100FB9BA3 /* PBXTargetDependency */ = {
			isa = PBXTargetDependency;
			target = 9B6BA3A02D5DA7FF00FB9BA3 /* DataFlowStateManagement */;
			targetProxy = 9B6BA3BC2D5DA80100FB9BA3 /* PBXContainerItemProxy */;
		};
/* End PBXTargetDependency section */

/* Begin XCBuildConfiguration section */
		9B6BA3C32D5DA80100FB9BA3 /* Debug */ = {
			isa = XCBuildConfiguration;
			buildSettings = {
				ALWAYS_SEARCH_USER_PATHS = NO;
				ASSETCATALOG_COMPILER_GENERATE_SWIFT_ASSET_SYMBOL_EXTENSIONS = YES;
				CLANG_ANALYZER_NONNULL = YES;
				CLANG_ANALYZER_NUMBER_OBJECT_CONVERSION = YES_AGGRESSIVE;
				CLANG_CXX_LANGUAGE_STANDARD = "gnu++20";
				CLANG_ENABLE_MODULES = YES;
				CLANG_ENABLE_OBJC_ARC = YES;
				CLANG_ENABLE_OBJC_WEAK = YES;
				CLANG_WARN_BLOCK_CAPTURE_AUTORELEASING = YES;
				CLANG_WARN_BOOL_CONVERSION = YES;
				CLANG_WARN_COMMA = YES;
				CLANG_WARN_CONSTANT_CONVERSION = YES;
				CLANG_WARN_DEPRECATED_OBJC_IMPLEMENTATIONS = YES;
				CLANG_WARN_DIRECT_OBJC_ISA_USAGE = YES_ERROR;
				CLANG_WARN_DOCUMENTATION_COMMENTS = YES;
				CLANG_WARN_EMPTY_BODY = YES;
				CLANG_WARN_ENUM_CONVERSION = YES;
				CLANG_WARN_INFINITE_RECURSION = YES;
				CLANG_WARN_INT_CONVERSION = YES;
				CLANG_WARN_NON_LITERAL_NULL_CONVERSION = YES;
				CLANG_WARN_OBJC_IMPLICIT_RETAIN_SELF = YES;
				CLANG_WARN_OBJC_LITERAL_CONVERSION = YES;
				CLANG_WARN_OBJC_ROOT_CLASS = YES_ERROR;
				CLANG_WARN_QUOTED_INCLUDE_IN_FRAMEWORK_HEADER = YES;
				CLANG_WARN_RANGE_LOOP_ANALYSIS = YES;
				CLANG_WARN_STRICT_PROTOTYPES = YES;
				CLANG_WARN_SUSPICIOUS_MOVE = YES;
				CLANG_WARN_UNGUARDED_AVAILABILITY = YES_AGGRESSIVE;
				CLANG_WARN_UNREACHABLE_CODE = YES;
				CLANG_WARN__DUPLICATE_METHOD_MATCH = YES;
				COPY_PHASE_STRIP = NO;
				DEBUG_INFORMATION_FORMAT = dwarf;
				ENABLE_STRICT_OBJC_MSGSEND = YES;
				ENABLE_TESTABILITY = YES;
				ENABLE_USER_SCRIPT_SANDBOXING = YES;
				GCC_C_LANGUAGE_STANDARD = gnu17;
				GCC_DYNAMIC_NO_PIC = NO;
				GCC_NO_COMMON_BLOCKS = YES;
				GCC_OPTIMIZATION_LEVEL = 0;
				GCC_PREPROCESSOR_DEFINITIONS = (
					"DEBUG=1",
					"$(inherited)",
				);
				GCC_WARN_64_TO_32_BIT_CONVERSION = YES;
				GCC_WARN_ABOUT_RETURN_TYPE = YES_ERROR;
				GCC_WARN_UNDECLARED_SELECTOR = YES;
				GCC_WARN_UNINITIALIZED_AUTOS = YES_AGGRESSIVE;
				GCC_WARN_UNUSED_FUNCTION = YES;
				GCC_WARN_UNUSED_VARIABLE = YES;
				IPHONEOS_DEPLOYMENT_TARGET = 18.2;
				LOCALIZATION_PREFERS_STRING_CATALOGS = YES;
				MTL_ENABLE_DEBUG_INFO = INCLUDE_SOURCE;
				MTL_FAST_MATH = YES;
				ONLY_ACTIVE_ARCH = YES;
				SDKROOT = iphoneos;
				SWIFT_ACTIVE_COMPILATION_CONDITIONS = "DEBUG $(inherited)";
				SWIFT_OPTIMIZATION_LEVEL = "-Onone";
			};
			name = Debug;
		};
		9B6BA3C42D5DA80100FB9BA3 /* Release */ = {
			isa = XCBuildConfiguration;
			buildSettings = {
				ALWAYS_SEARCH_USER_PATHS = NO;
				ASSETCATALOG_COMPILER_GENERATE_SWIFT_ASSET_SYMBOL_EXTENSIONS = YES;
				CLANG_ANALYZER_NONNULL = YES;
				CLANG_ANALYZER_NUMBER_OBJECT_CONVERSION = YES_AGGRESSIVE;
				CLANG_CXX_LANGUAGE_STANDARD = "gnu++20";
				CLANG_ENABLE_MODULES = YES;
				CLANG_ENABLE_OBJC_ARC = YES;
				CLANG_ENABLE_OBJC_WEAK = YES;
				CLANG_WARN_BLOCK_CAPTURE_AUTORELEASING = YES;
				CLANG_WARN_BOOL_CONVERSION = YES;
				CLANG_WARN_COMMA = YES;
				CLANG_WARN_CONSTANT_CONVERSION = YES;
				CLANG_WARN_DEPRECATED_OBJC_IMPLEMENTATIONS = YES;
				CLANG_WARN_DIRECT_OBJC_ISA_USAGE = YES_ERROR;
				CLANG_WARN_DOCUMENTATION_COMMENTS = YES;
				CLANG_WARN_EMPTY_BODY = YES;
				CLANG_WARN_ENUM_CONVERSION = YES;
				CLANG_WARN_INFINITE_RECURSION = YES;
				CLANG_WARN_INT_CONVERSION = YES;
				CLANG_WARN_NON_LITERAL_NULL_CONVERSION = YES;
				CLANG_WARN_OBJC_IMPLICIT_RETAIN_SELF = YES;
				CLANG_WARN_OBJC_LITERAL_CONVERSION = YES;
				CLANG_WARN_OBJC_ROOT_CLASS = YES_ERROR;
				CLANG_WARN_QUOTED_INCLUDE_IN_FRAMEWORK_HEADER = YES;
				CLANG_WARN_RANGE_LOOP_ANALYSIS = YES;
				CLANG_WARN_STRICT_PROTOTYPES = YES;
				CLANG_WARN_SUSPICIOUS_MOVE = YES;
				CLANG_WARN_UNGUARDED_AVAILABILITY = YES_AGGRESSIVE;
				CLANG_WARN_UNREACHABLE_CODE = YES;
				CLANG_WARN__DUPLICATE_METHOD_MATCH = YES;
				COPY_PHASE_STRIP = NO;
				DEBUG_INFORMATION_FORMAT = "dwarf-with-dsym";
				ENABLE_NS_ASSERTIONS = NO;
				ENABLE_STRICT_OBJC_MSGSEND = YES;
				ENABLE_USER_SCRIPT_SANDBOXING = YES;
				GCC_C_LANGUAGE_STANDARD = gnu17;
				GCC_NO_COMMON_BLOCKS = YES;
				GCC_WARN_64_TO_32_BIT_CONVERSION = YES;
				GCC_WARN_ABOUT_RETURN_TYPE = YES_ERROR;
				GCC_WARN_UNDECLARED_SELECTOR = YES;
				GCC_WARN_UNINITIALIZED_AUTOS = YES_AGGRESSIVE;
				GCC_WARN_UNUSED_FUNCTION = YES;
				GCC_WARN_UNUSED_VARIABLE = YES;
				IPHONEOS_DEPLOYMENT_TARGET = 18.2;
				LOCALIZATION_PREFERS_STRING_CATALOGS = YES;
				MTL_ENABLE_DEBUG_INFO = NO;
				MTL_FAST_MATH = YES;
				SDKROOT = iphoneos;
				SWIFT_COMPILATION_MODE = wholemodule;
				VALIDATE_PRODUCT = YES;
			};
			name = Release;
		};
		9B6BA3C62D5DA80100FB9BA3 /* Debug */ = {
			isa = XCBuildConfiguration;
			buildSettings = {
				ASSETCATALOG_COMPILER_APPICON_NAME = AppIcon;
				ASSETCATALOG_COMPILER_GLOBAL_ACCENT_COLOR_NAME = AccentColor;
				CODE_SIGN_STYLE = Automatic;
				CURRENT_PROJECT_VERSION = 1;
				DEVELOPMENT_ASSET_PATHS = "\"DataFlowStateManagement/Preview Content\"";
				ENABLE_PREVIEWS = YES;
				GENERATE_INFOPLIST_FILE = YES;
				INFOPLIST_KEY_UIApplicationSceneManifest_Generation = YES;
				INFOPLIST_KEY_UIApplicationSupportsIndirectInputEvents = YES;
				INFOPLIST_KEY_UILaunchScreen_Generation = YES;
				INFOPLIST_KEY_UISupportedInterfaceOrientations_iPad = "UIInterfaceOrientationPortrait UIInterfaceOrientationPortraitUpsideDown UIInterfaceOrientationLandscapeLeft UIInterfaceOrientationLandscapeRight";
				INFOPLIST_KEY_UISupportedInterfaceOrientations_iPhone = "UIInterfaceOrientationPortrait UIInterfaceOrientationLandscapeLeft UIInterfaceOrientationLandscapeRight";
				LD_RUNPATH_SEARCH_PATHS = (
					"$(inherited)",
					"@executable_path/Frameworks",
				);
				MARKETING_VERSION = 1.0;
				PRODUCT_BUNDLE_IDENTIFIER = com.prasthana.DataFlowStateManagement;
				PRODUCT_NAME = "$(TARGET_NAME)";
				SWIFT_EMIT_LOC_STRINGS = YES;
				SWIFT_VERSION = 5.0;
				TARGETED_DEVICE_FAMILY = "1,2";
			};
			name = Debug;
		};
		9B6BA3C72D5DA80100FB9BA3 /* Release */ = {
			isa = XCBuildConfiguration;
			buildSettings = {
				ASSETCATALOG_COMPILER_APPICON_NAME = AppIcon;
				ASSETCATALOG_COMPILER_GLOBAL_ACCENT_COLOR_NAME = AccentColor;
				CODE_SIGN_STYLE = Automatic;
				CURRENT_PROJECT_VERSION = 1;
				DEVELOPMENT_ASSET_PATHS = "\"DataFlowStateManagement/Preview Content\"";
				ENABLE_PREVIEWS = YES;
				GENERATE_INFOPLIST_FILE = YES;
				INFOPLIST_KEY_UIApplicationSceneManifest_Generation = YES;
				INFOPLIST_KEY_UIApplicationSupportsIndirectInputEvents = YES;
				INFOPLIST_KEY_UILaunchScreen_Generation = YES;
				INFOPLIST_KEY_UISupportedInterfaceOrientations_iPad = "UIInterfaceOrientationPortrait UIInterfaceOrientationPortraitUpsideDown UIInterfaceOrientationLandscapeLeft UIInterfaceOrientationLandscapeRight";
				INFOPLIST_KEY_UISupportedInterfaceOrientations_iPhone = "UIInterfaceOrientationPortrait UIInterfaceOrientationLandscapeLeft UIInterfaceOrientationLandscapeRight";
				LD_RUNPATH_SEARCH_PATHS = (
					"$(inherited)",
					"@executable_path/Frameworks",
				);
				MARKETING_VERSION = 1.0;
				PRODUCT_BUNDLE_IDENTIFIER = com.prasthana.DataFlowStateManagement;
				PRODUCT_NAME = "$(TARGET_NAME)";
				SWIFT_EMIT_LOC_STRINGS = YES;
				SWIFT_VERSION = 5.0;
				TARGETED_DEVICE_FAMILY = "1,2";
			};
			name = Release;
		};
		9B6BA3C92D5DA80100FB9BA3 /* Debug */ = {
			isa = XCBuildConfiguration;
			buildSettings = {
				BUNDLE_LOADER = "$(TEST_HOST)";
				CODE_SIGN_STYLE = Automatic;
				CURRENT_PROJECT_VERSION = 1;
				GENERATE_INFOPLIST_FILE = YES;
				IPHONEOS_DEPLOYMENT_TARGET = 18.2;
				MARKETING_VERSION = 1.0;
				PRODUCT_BUNDLE_IDENTIFIER = com.prasthana.DataFlowStateManagementTests;
				PRODUCT_NAME = "$(TARGET_NAME)";
				SWIFT_EMIT_LOC_STRINGS = NO;
				SWIFT_VERSION = 5.0;
				TARGETED_DEVICE_FAMILY = "1,2";
				TEST_HOST = "$(BUILT_PRODUCTS_DIR)/DataFlowStateManagement.app/$(BUNDLE_EXECUTABLE_FOLDER_PATH)/DataFlowStateManagement";
			};
			name = Debug;
		};
		9B6BA3CA2D5DA80100FB9BA3 /* Release */ = {
			isa = XCBuildConfiguration;
			buildSettings = {
				BUNDLE_LOADER = "$(TEST_HOST)";
				CODE_SIGN_STYLE = Automatic;
				CURRENT_PROJECT_VERSION = 1;
				GENERATE_INFOPLIST_FILE = YES;
				IPHONEOS_DEPLOYMENT_TARGET = 18.2;
				MARKETING_VERSION = 1.0;
				PRODUCT_BUNDLE_IDENTIFIER = com.prasthana.DataFlowStateManagementTests;
				PRODUCT_NAME = "$(TARGET_NAME)";
				SWIFT_EMIT_LOC_STRINGS = NO;
				SWIFT_VERSION = 5.0;
				TARGETED_DEVICE_FAMILY = "1,2";
				TEST_HOST = "$(BUILT_PRODUCTS_DIR)/DataFlowStateManagement.app/$(BUNDLE_EXECUTABLE_FOLDER_PATH)/DataFlowStateManagement";
			};
			name = Release;
		};
		9B6BA3CC2D5DA80100FB9BA3 /* Debug */ = {
			isa = XCBuildConfiguration;
			buildSettings = {
				CODE_SIGN_STYLE = Automatic;
				CURRENT_PROJECT_VERSION = 1;
				GENERATE_INFOPLIST_FILE = YES;
				MARKETING_VERSION = 1.0;
				PRODUCT_BUNDLE_IDENTIFIER = com.prasthana.DataFlowStateManagementUITests;
				PRODUCT_NAME = "$(TARGET_NAME)";
				SWIFT_EMIT_LOC_STRINGS = NO;
				SWIFT_VERSION = 5.0;
				TARGETED_DEVICE_FAMILY = "1,2";
				TEST_TARGET_NAME = DataFlowStateManagement;
			};
			name = Debug;
		};
		9B6BA3CD2D5DA80100FB9BA3 /* Release */ = {
			isa = XCBuildConfiguration;
			buildSettings = {
				CODE_SIGN_STYLE = Automatic;
				CURRENT_PROJECT_VERSION = 1;
				GENERATE_INFOPLIST_FILE = YES;
				MARKETING_VERSION = 1.0;
				PRODUCT_BUNDLE_IDENTIFIER = com.prasthana.DataFlowStateManagementUITests;
				PRODUCT_NAME = "$(TARGET_NAME)";
				SWIFT_EMIT_LOC_STRINGS = NO;
				SWIFT_VERSION = 5.0;
				TARGETED_DEVICE_FAMILY = "1,2";
				TEST_TARGET_NAME = DataFlowStateManagement;
			};
			name = Release;
		};
/* End XCBuildConfiguration section */

/* Begin XCConfigurationList section */
		9B6BA39C2D5DA7FF00FB9BA3 /* Build configuration list for PBXProject "DataFlowStateManagement" */ = {
			isa = XCConfigurationList;
			buildConfigurations = (
				9B6BA3C32D5DA80100FB9BA3 /* Debug */,
				9B6BA3C42D5DA80100FB9BA3 /* Release */,
			);
			defaultConfigurationIsVisible = 0;
			defaultConfigurationName = Release;
		};
		9B6BA3C52D5DA80100FB9BA3 /* Build configuration list for PBXNativeTarget "DataFlowStateManagement" */ = {
			isa = XCConfigurationList;
			buildConfigurations = (
				9B6BA3C62D5DA80100FB9BA3 /* Debug */,
				9B6BA3C72D5DA80100FB9BA3 /* Release */,
			);
			defaultConfigurationIsVisible = 0;
			defaultConfigurationName = Release;
		};
		9B6BA3C82D5DA80100FB9BA3 /* Build configuration list for PBXNativeTarget "DataFlowStateManagementTests" */ = {
			isa = XCConfigurationList;
			buildConfigurations = (
				9B6BA3C92D5DA80100FB9BA3 /* Debug */,
				9B6BA3CA2D5DA80100FB9BA3 /* Release */,
			);
			defaultConfigurationIsVisible = 0;
			defaultConfigurationName = Release;
		};
		9B6BA3CB2D5DA80100FB9BA3 /* Build configuration list for PBXNativeTarget "DataFlowStateManagementUITests" */ = {
			isa = XCConfigurationList;
			buildConfigurations = (
				9B6BA3CC2D5DA80100FB9BA3 /* Debug */,
				9B6BA3CD2D5DA80100FB9BA3 /* Release */,
			);
			defaultConfigurationIsVisible = 0;
			defaultConfigurationName = Release;
		};
/* End XCConfigurationList section */
	};
	rootObject = 9B6BA3992D5DA7FF00FB9BA3 /* Project object */;
}
